
Microsoft Visual Studio Solution File, Format Version 12.00
# Visual Studio 14
VisualStudioVersion = 14.0.25420.1
MinimumVisualStudioVersion = 10.0.40219.1
Project("{FAE04EC0-301F-11D3-BF4B-00C04F79EFBC}") = "ATM.Application", "ATM.Application\ATM.Application.csproj", "{1DEEA38E-C0A1-48A4-A479-A7344D2A55F3}"
EndProject
Project("{FAE04EC0-301F-11D3-BF4B-00C04F79EFBC}") = "ATM.Presentation", "ATM.Presentation\ATM.Presentation.csproj", "{D4B84E7A-548D-433D-AA87-A706109EE42B}"
EndProject
Project("{FAE04EC0-301F-11D3-BF4B-00C04F79EFBC}") = "ATM.Data", "ATM.Data\ATM.Data.csproj", "{16F68356-B5F4-4FF2-8386-FD13546839DD}"
EndProject
Project("{FAE04EC0-301F-11D3-BF4B-00C04F79EFBC}") = "ATM.Tests", "ATM.Tests\ATM.Tests.csproj", "{8EDF4429-251A-416D-BB68-93F227191BCF}"
EndProject
Project("{FAE04EC0-301F-11D3-BF4B-00C04F79EFBC}") = "ATM.Models", "ATM.Models\ATM.Models.csproj", "{4591CA45-A2AA-4726-BA1A-44E13BFE93D4}"
EndProject
Project("{FAE04EC0-301F-11D3-BF4B-00C04F79EFBC}") = "ATM.Interfaces", "ATM.Interfaces\ATM.Interfaces.csproj", "{F683A8BD-16CE-4D4F-B642-643F47550E75}"
EndProject
Global
	GlobalSection(SolutionConfigurationPlatforms) = preSolution
		Debug|Any CPU = Debug|Any CPU
		Release|Any CPU = Release|Any CPU
	EndGlobalSection
	GlobalSection(ProjectConfigurationPlatforms) = postSolution
		{1DEEA38E-C0A1-48A4-A479-A7344D2A55F3}.Debug|Any CPU.ActiveCfg = Debug|Any CPU
		{1DEEA38E-C0A1-48A4-A479-A7344D2A55F3}.Debug|Any CPU.Build.0 = Debug|Any CPU
		{1DEEA38E-C0A1-48A4-A479-A7344D2A55F3}.Release|Any CPU.ActiveCfg = Release|Any CPU
		{1DEEA38E-C0A1-48A4-A479-A7344D2A55F3}.Release|Any CPU.Build.0 = Release|Any CPU
		{D4B84E7A-548D-433D-AA87-A706109EE42B}.Debug|Any CPU.ActiveCfg = Debug|Any CPU
		{D4B84E7A-548D-433D-AA87-A706109EE42B}.Debug|Any CPU.Build.0 = Debug|Any CPU
		{D4B84E7A-548D-433D-AA87-A706109EE42B}.Release|Any CPU.ActiveCfg = Release|Any CPU
		{D4B84E7A-548D-433D-AA87-A706109EE42B}.Release|Any CPU.Build.0 = Release|Any CPU
		{16F68356-B5F4-4FF2-8386-FD13546839DD}.Debug|Any CPU.ActiveCfg = Debug|Any CPU
		{16F68356-B5F4-4FF2-8386-FD13546839DD}.Debug|Any CPU.Build.0 = Debug|Any CPU
		{16F68356-B5F4-4FF2-8386-FD13546839DD}.Release|Any CPU.ActiveCfg = Release|Any CPU
		{16F68356-B5F4-4FF2-8386-FD13546839DD}.Release|Any CPU.Build.0 = Release|Any CPU
		{8EDF4429-251A-416D-BB68-93F227191BCF}.Debug|Any CPU.ActiveCfg = Debug|Any CPU
		{8EDF4429-251A-416D-BB68-93F227191BCF}.Debug|Any CPU.Build.0 = Debug|Any CPU
		{8EDF4429-251A-416D-BB68-93F227191BCF}.Release|Any CPU.ActiveCfg = Release|Any CPU
		{8EDF4429-251A-416D-BB68-93F227191BCF}.Release|Any CPU.Build.0 = Release|Any CPU
		{4591CA45-A2AA-4726-BA1A-44E13BFE93D4}.Debug|Any CPU.ActiveCfg = Debug|Any CPU
		{4591CA45-A2AA-4726-BA1A-44E13BFE93D4}.Debug|Any CPU.Build.0 = Debug|Any CPU
		{4591CA45-A2AA-4726-BA1A-44E13BFE93D4}.Release|Any CPU.ActiveCfg = Release|Any CPU
		{4591CA45-A2AA-4726-BA1A-44E13BFE93D4}.Release|Any CPU.Build.0 = Release|Any CPU
		{F683A8BD-16CE-4D4F-B642-643F47550E75}.Debug|Any CPU.ActiveCfg = Debug|Any CPU
		{F683A8BD-16CE-4D4F-B642-643F47550E75}.Debug|Any CPU.Build.0 = Debug|Any CPU
		{F683A8BD-16CE-4D4F-B642-643F47550E75}.Release|Any CPU.ActiveCfg = Release|Any CPU
		{F683A8BD-16CE-4D4F-B642-643F47550E75}.Release|Any CPU.Build.0 = Release|Any CPU
	EndGlobalSection
	GlobalSection(SolutionProperties) = preSolution
		HideSolutionNode = FALSE
	EndGlobalSection
EndGlobal
